// !$*UTF8*$!
{
	archiveVersion = 1;
	classes = {
	};
	objectVersion = 56;
	objects = {

/* Begin PBXBuildFile section */
		1524AB502B34A8B200E6ED38 /* Valet_local_dataApp.swift in Sources */ = {isa = PBXBuildFile; fileRef = 1524AB4F2B34A8B200E6ED38 /* Valet_local_dataApp.swift */; };
		1524AB522B34A8B200E6ED38 /* ContentView.swift in Sources */ = {isa = PBXBuildFile; fileRef = 1524AB512B34A8B200E6ED38 /* ContentView.swift */; };
		1524AB542B34A8B500E6ED38 /* Assets.xcassets in Resources */ = {isa = PBXBuildFile; fileRef = 1524AB532B34A8B500E6ED38 /* Assets.xcassets */; };
		1524AB572B34A8B500E6ED38 /* Preview Assets.xcassets in Resources */ = {isa = PBXBuildFile; fileRef = 1524AB562B34A8B500E6ED38 /* Preview Assets.xcassets */; };
		153427D42B482B3300E60D77 /* AppDelegate.swift in Sources */ = {isa = PBXBuildFile; fileRef = 153427D32B482B3300E60D77 /* AppDelegate.swift */; };
		1538CC092B45DC540062E345 /* AppetiteCardView.swift in Sources */ = {isa = PBXBuildFile; fileRef = 1538CC082B45DC540062E345 /* AppetiteCardView.swift */; };
		1538CC0B2B4710830062E345 /* ScheduledNotificationsView.swift in Sources */ = {isa = PBXBuildFile; fileRef = 1538CC0A2B4710830062E345 /* ScheduledNotificationsView.swift */; };
		1573D5652B4051BE000C2131 /* DataModel.swift in Sources */ = {isa = PBXBuildFile; fileRef = 1573D5642B4051BE000C2131 /* DataModel.swift */; };
		1573D5672B4051E0000C2131 /* CardView.swift in Sources */ = {isa = PBXBuildFile; fileRef = 1573D5662B4051E0000C2131 /* CardView.swift */; };
		1573D56B2B405223000C2131 /* AddEntryView.swift in Sources */ = {isa = PBXBuildFile; fileRef = 1573D56A2B405223000C2131 /* AddEntryView.swift */; };
		1573D56D2B4052AE000C2131 /* CardModel.swift in Sources */ = {isa = PBXBuildFile; fileRef = 1573D56C2B4052AE000C2131 /* CardModel.swift */; };
		1573D56F2B406E61000C2131 /* FilterView.swift in Sources */ = {isa = PBXBuildFile; fileRef = 1573D56E2B406E61000C2131 /* FilterView.swift */; };
		1573D5712B40715F000C2131 /* MenuDataModel.swift in Sources */ = {isa = PBXBuildFile; fileRef = 1573D5702B40715F000C2131 /* MenuDataModel.swift */; };
		1573D5732B4077E7000C2131 /* MenuSelectionView.swift in Sources */ = {isa = PBXBuildFile; fileRef = 1573D5722B4077E7000C2131 /* MenuSelectionView.swift */; };
		1573D5752B433276000C2131 /* PoopingCardView.swift in Sources */ = {isa = PBXBuildFile; fileRef = 1573D5742B433276000C2131 /* PoopingCardView.swift */; };
		1573D5772B435EC2000C2131 /* VomitingCardView.swift in Sources */ = {isa = PBXBuildFile; fileRef = 1573D5762B435EC2000C2131 /* VomitingCardView.swift */; };
		1573D5792B45A837000C2131 /* SecondDashboardView.swift in Sources */ = {isa = PBXBuildFile; fileRef = 1573D5782B45A837000C2131 /* SecondDashboardView.swift */; };
		1573D57B2B45B6A6000C2131 /* vomitingData.swift in Sources */ = {isa = PBXBuildFile; fileRef = 1573D57A2B45B6A6000C2131 /* vomitingData.swift */; };
		158E49EB2B39DA9500681298 /* ImagePickerAllergy.swift in Sources */ = {isa = PBXBuildFile; fileRef = 158E49EA2B39DA9500681298 /* ImagePickerAllergy.swift */; };
		158E49ED2B3A181500681298 /* BehaviorView.swift in Sources */ = {isa = PBXBuildFile; fileRef = 158E49EC2B3A181500681298 /* BehaviorView.swift */; };
		158E49EF2B3A20EB00681298 /* SavedResultsView.swift in Sources */ = {isa = PBXBuildFile; fileRef = 158E49EE2B3A20EB00681298 /* SavedResultsView.swift */; };
		158F78CA2B4DAE7400CF0B35 /* MedicationCardView.swift in Sources */ = {isa = PBXBuildFile; fileRef = 158F78C92B4DAE7400CF0B35 /* MedicationCardView.swift */; };
		15A6F20B2B379C9100FB9DAA /* poopingData.swift in Sources */ = {isa = PBXBuildFile; fileRef = 15A6F20A2B379C9100FB9DAA /* poopingData.swift */; };
		15A6F20F2B379D2600FB9DAA /* poopingView.swift in Sources */ = {isa = PBXBuildFile; fileRef = 15A6F20E2B379D2600FB9DAA /* poopingView.swift */; };
		15A6F2132B37A15100FB9DAA /* DashboardView.swift in Sources */ = {isa = PBXBuildFile; fileRef = 15A6F2122B37A15000FB9DAA /* DashboardView.swift */; };
		15A6F2172B37A29600FB9DAA /* VomitingView.swift in Sources */ = {isa = PBXBuildFile; fileRef = 15A6F2162B37A29600FB9DAA /* VomitingView.swift */; };
		15A6F2192B37A2AB00FB9DAA /* AppetiteView.swift in Sources */ = {isa = PBXBuildFile; fileRef = 15A6F2182B37A2AB00FB9DAA /* AppetiteView.swift */; };
		15A6F21B2B37A2B900FB9DAA /* MedicationView.swift in Sources */ = {isa = PBXBuildFile; fileRef = 15A6F21A2B37A2B900FB9DAA /* MedicationView.swift */; };
		15A6F21D2B37A2C800FB9DAA /* AllergiesView.swift in Sources */ = {isa = PBXBuildFile; fileRef = 15A6F21C2B37A2C800FB9DAA /* AllergiesView.swift */; };
		15A6F21F2B37A2D900FB9DAA /* BitchcycleView.swift in Sources */ = {isa = PBXBuildFile; fileRef = 15A6F21E2B37A2D900FB9DAA /* BitchcycleView.swift */; };
		15A6F2212B37A2ED00FB9DAA /* GroomingView.swift in Sources */ = {isa = PBXBuildFile; fileRef = 15A6F2202B37A2ED00FB9DAA /* GroomingView.swift */; };
		15A6F2252B37A7BA00FB9DAA /* ImagePicker .swift in Sources */ = {isa = PBXBuildFile; fileRef = 15A6F2242B37A7BA00FB9DAA /* ImagePicker .swift */; };
		15A6F2282B383CAE00FB9DAA /* DogAppetiteData.swift in Sources */ = {isa = PBXBuildFile; fileRef = 15A6F2272B383CAE00FB9DAA /* DogAppetiteData.swift */; };
		15A6F22A2B385C2D00FB9DAA /* DogMedicationData.swift in Sources */ = {isa = PBXBuildFile; fileRef = 15A6F2292B385C2D00FB9DAA /* DogMedicationData.swift */; };
		15A6F22C2B386A7E00FB9DAA /* UIApplicationDelegate.swift in Sources */ = {isa = PBXBuildFile; fileRef = 15A6F22B2B386A7E00FB9DAA /* UIApplicationDelegate.swift */; };
		15B214AC2B4F448F001039BF /* ScheduledMedicationsTimelineView.swift in Sources */ = {isa = PBXBuildFile; fileRef = 15B214AB2B4F448F001039BF /* ScheduledMedicationsTimelineView.swift */; };
/* End PBXBuildFile section */

/* Begin PBXFileReference section */
		1524AB4C2B34A8B200E6ED38 /* Valet local data.app */ = {isa = PBXFileReference; explicitFileType = wrapper.application; includeInIndex = 0; path = "Valet local data.app"; sourceTree = BUILT_PRODUCTS_DIR; };
		1524AB4F2B34A8B200E6ED38 /* Valet_local_dataApp.swift */ = {isa = PBXFileReference; lastKnownFileType = sourcecode.swift; path = Valet_local_dataApp.swift; sourceTree = "<group>"; };
		1524AB512B34A8B200E6ED38 /* ContentView.swift */ = {isa = PBXFileReference; lastKnownFileType = sourcecode.swift; path = ContentView.swift; sourceTree = "<group>"; };
		1524AB532B34A8B500E6ED38 /* Assets.xcassets */ = {isa = PBXFileReference; lastKnownFileType = folder.assetcatalog; path = Assets.xcassets; sourceTree = "<group>"; };
		1524AB562B34A8B500E6ED38 /* Preview Assets.xcassets */ = {isa = PBXFileReference; lastKnownFileType = folder.assetcatalog; path = "Preview Assets.xcassets"; sourceTree = "<group>"; };
		153427D32B482B3300E60D77 /* AppDelegate.swift */ = {isa = PBXFileReference; lastKnownFileType = sourcecode.swift; path = AppDelegate.swift; sourceTree = "<group>"; };
		1538CC082B45DC540062E345 /* AppetiteCardView.swift */ = {isa = PBXFileReference; lastKnownFileType = sourcecode.swift; path = AppetiteCardView.swift; sourceTree = "<group>"; };
		1538CC0A2B4710830062E345 /* ScheduledNotificationsView.swift */ = {isa = PBXFileReference; lastKnownFileType = sourcecode.swift; path = ScheduledNotificationsView.swift; sourceTree = "<group>"; };
		1573D5642B4051BE000C2131 /* DataModel.swift */ = {isa = PBXFileReference; lastKnownFileType = sourcecode.swift; path = DataModel.swift; sourceTree = "<group>"; };
		1573D5662B4051E0000C2131 /* CardView.swift */ = {isa = PBXFileReference; lastKnownFileType = sourcecode.swift; path = CardView.swift; sourceTree = "<group>"; };
		1573D56A2B405223000C2131 /* AddEntryView.swift */ = {isa = PBXFileReference; lastKnownFileType = sourcecode.swift; path = AddEntryView.swift; sourceTree = "<group>"; };
		1573D56C2B4052AE000C2131 /* CardModel.swift */ = {isa = PBXFileReference; lastKnownFileType = sourcecode.swift; path = CardModel.swift; sourceTree = "<group>"; };
		1573D56E2B406E61000C2131 /* FilterView.swift */ = {isa = PBXFileReference; lastKnownFileType = sourcecode.swift; path = FilterView.swift; sourceTree = "<group>"; };
		1573D5702B40715F000C2131 /* MenuDataModel.swift */ = {isa = PBXFileReference; lastKnownFileType = sourcecode.swift; path = MenuDataModel.swift; sourceTree = "<group>"; };
		1573D5722B4077E7000C2131 /* MenuSelectionView.swift */ = {isa = PBXFileReference; lastKnownFileType = sourcecode.swift; path = MenuSelectionView.swift; sourceTree = "<group>"; };
		1573D5742B433276000C2131 /* PoopingCardView.swift */ = {isa = PBXFileReference; lastKnownFileType = sourcecode.swift; path = PoopingCardView.swift; sourceTree = "<group>"; };
		1573D5762B435EC2000C2131 /* VomitingCardView.swift */ = {isa = PBXFileReference; lastKnownFileType = sourcecode.swift; path = VomitingCardView.swift; sourceTree = "<group>"; };
		1573D5782B45A837000C2131 /* SecondDashboardView.swift */ = {isa = PBXFileReference; lastKnownFileType = sourcecode.swift; path = SecondDashboardView.swift; sourceTree = "<group>"; };
		1573D57A2B45B6A6000C2131 /* vomitingData.swift */ = {isa = PBXFileReference; lastKnownFileType = sourcecode.swift; path = vomitingData.swift; sourceTree = "<group>"; };
		158E49EA2B39DA9500681298 /* ImagePickerAllergy.swift */ = {isa = PBXFileReference; lastKnownFileType = sourcecode.swift; path = ImagePickerAllergy.swift; sourceTree = "<group>"; };
		158E49EC2B3A181500681298 /* BehaviorView.swift */ = {isa = PBXFileReference; lastKnownFileType = sourcecode.swift; path = BehaviorView.swift; sourceTree = "<group>"; };
		158E49EE2B3A20EB00681298 /* SavedResultsView.swift */ = {isa = PBXFileReference; lastKnownFileType = sourcecode.swift; path = SavedResultsView.swift; sourceTree = "<group>"; };
		158F78C92B4DAE7400CF0B35 /* MedicationCardView.swift */ = {isa = PBXFileReference; lastKnownFileType = sourcecode.swift; path = MedicationCardView.swift; sourceTree = "<group>"; };
		15A6F20A2B379C9100FB9DAA /* poopingData.swift */ = {isa = PBXFileReference; lastKnownFileType = sourcecode.swift; path = poopingData.swift; sourceTree = "<group>"; };
		15A6F20E2B379D2600FB9DAA /* poopingView.swift */ = {isa = PBXFileReference; lastKnownFileType = sourcecode.swift; path = poopingView.swift; sourceTree = "<group>"; };
		15A6F2122B37A15000FB9DAA /* DashboardView.swift */ = {isa = PBXFileReference; lastKnownFileType = sourcecode.swift; path = DashboardView.swift; sourceTree = "<group>"; };
		15A6F2162B37A29600FB9DAA /* VomitingView.swift */ = {isa = PBXFileReference; lastKnownFileType = sourcecode.swift; path = VomitingView.swift; sourceTree = "<group>"; };
		15A6F2182B37A2AB00FB9DAA /* AppetiteView.swift */ = {isa = PBXFileReference; lastKnownFileType = sourcecode.swift; path = AppetiteView.swift; sourceTree = "<group>"; };
		15A6F21A2B37A2B900FB9DAA /* MedicationView.swift */ = {isa = PBXFileReference; lastKnownFileType = sourcecode.swift; path = MedicationView.swift; sourceTree = "<group>"; };
		15A6F21C2B37A2C800FB9DAA /* AllergiesView.swift */ = {isa = PBXFileReference; lastKnownFileType = sourcecode.swift; path = AllergiesView.swift; sourceTree = "<group>"; };
		15A6F21E2B37A2D900FB9DAA /* BitchcycleView.swift */ = {isa = PBXFileReference; lastKnownFileType = sourcecode.swift; path = BitchcycleView.swift; sourceTree = "<group>"; };
		15A6F2202B37A2ED00FB9DAA /* GroomingView.swift */ = {isa = PBXFileReference; lastKnownFileType = sourcecode.swift; path = GroomingView.swift; sourceTree = "<group>"; };
		15A6F2242B37A7BA00FB9DAA /* ImagePicker .swift */ = {isa = PBXFileReference; lastKnownFileType = sourcecode.swift; path = "ImagePicker .swift"; sourceTree = "<group>"; };
		15A6F2262B37A83300FB9DAA /* Valet-local-data-Info.plist */ = {isa = PBXFileReference; lastKnownFileType = text.plist; path = "Valet-local-data-Info.plist"; sourceTree = SOURCE_ROOT; };
		15A6F2272B383CAE00FB9DAA /* DogAppetiteData.swift */ = {isa = PBXFileReference; lastKnownFileType = sourcecode.swift; path = DogAppetiteData.swift; sourceTree = "<group>"; };
		15A6F2292B385C2D00FB9DAA /* DogMedicationData.swift */ = {isa = PBXFileReference; lastKnownFileType = sourcecode.swift; path = DogMedicationData.swift; sourceTree = "<group>"; };
		15A6F22B2B386A7E00FB9DAA /* UIApplicationDelegate.swift */ = {isa = PBXFileReference; lastKnownFileType = sourcecode.swift; path = UIApplicationDelegate.swift; sourceTree = "<group>"; };
		15B214AB2B4F448F001039BF /* ScheduledMedicationsTimelineView.swift */ = {isa = PBXFileReference; lastKnownFileType = sourcecode.swift; path = ScheduledMedicationsTimelineView.swift; sourceTree = "<group>"; };
/* End PBXFileReference section */

/* Begin PBXFrameworksBuildPhase section */
		1524AB492B34A8B200E6ED38 /* Frameworks */ = {
			isa = PBXFrameworksBuildPhase;
			buildActionMask = 2147483647;
			files = (
			);
			runOnlyForDeploymentPostprocessing = 0;
		};
/* End PBXFrameworksBuildPhase section */

/* Begin PBXGroup section */
		1524AB432B34A8B200E6ED38 = {
			isa = PBXGroup;
			children = (
				1524AB512B34A8B200E6ED38 /* ContentView.swift */,
				1524AB4F2B34A8B200E6ED38 /* Valet_local_dataApp.swift */,
				1524AB4E2B34A8B200E6ED38 /* Valet local data */,
				1524AB4D2B34A8B200E6ED38 /* Products */,
			);
			sourceTree = "<group>";
		};
		1524AB4D2B34A8B200E6ED38 /* Products */ = {
			isa = PBXGroup;
			children = (
				1524AB4C2B34A8B200E6ED38 /* Valet local data.app */,
			);
			name = Products;
			sourceTree = "<group>";
		};
		1524AB4E2B34A8B200E6ED38 /* Valet local data */ = {
			isa = PBXGroup;
			children = (
				15A6F2262B37A83300FB9DAA /* Valet-local-data-Info.plist */,
				15A6F20D2B379CAD00FB9DAA /* Views */,
				15A6F20C2B379C9900FB9DAA /* DataModels */,
				1524AB532B34A8B500E6ED38 /* Assets.xcassets */,
				1524AB552B34A8B500E6ED38 /* Preview Content */,
				15A6F2242B37A7BA00FB9DAA /* ImagePicker .swift */,
				158E49EA2B39DA9500681298 /* ImagePickerAllergy.swift */,
			);
			path = "Valet local data";
			sourceTree = "<group>";
		};
		1524AB552B34A8B500E6ED38 /* Preview Content */ = {
			isa = PBXGroup;
			children = (
				1524AB562B34A8B500E6ED38 /* Preview Assets.xcassets */,
			);
			path = "Preview Content";
			sourceTree = "<group>";
		};
		15A6F20C2B379C9900FB9DAA /* DataModels */ = {
			isa = PBXGroup;
			children = (
				15A6F20A2B379C9100FB9DAA /* poopingData.swift */,
				1573D57A2B45B6A6000C2131 /* vomitingData.swift */,
				15A6F2272B383CAE00FB9DAA /* DogAppetiteData.swift */,
				15A6F2292B385C2D00FB9DAA /* DogMedicationData.swift */,
				15A6F22B2B386A7E00FB9DAA /* UIApplicationDelegate.swift */,
				1573D56A2B405223000C2131 /* AddEntryView.swift */,
				1573D56C2B4052AE000C2131 /* CardModel.swift */,
				1573D5702B40715F000C2131 /* MenuDataModel.swift */,
				1573D5642B4051BE000C2131 /* DataModel.swift */,
				153427D32B482B3300E60D77 /* AppDelegate.swift */,
			);
			path = DataModels;
			sourceTree = "<group>";
		};
		15A6F20D2B379CAD00FB9DAA /* Views */ = {
			isa = PBXGroup;
			children = (
				15A6F2122B37A15000FB9DAA /* DashboardView.swift */,
				1573D5742B433276000C2131 /* PoopingCardView.swift */,
				15A6F20E2B379D2600FB9DAA /* poopingView.swift */,
				1573D5762B435EC2000C2131 /* VomitingCardView.swift */,
				15A6F2162B37A29600FB9DAA /* VomitingView.swift */,
				15A6F2182B37A2AB00FB9DAA /* AppetiteView.swift */,
				1538CC082B45DC540062E345 /* AppetiteCardView.swift */,
				15A6F21A2B37A2B900FB9DAA /* MedicationView.swift */,
				158F78C92B4DAE7400CF0B35 /* MedicationCardView.swift */,
				15A6F21C2B37A2C800FB9DAA /* AllergiesView.swift */,
				15A6F21E2B37A2D900FB9DAA /* BitchcycleView.swift */,
				15A6F2202B37A2ED00FB9DAA /* GroomingView.swift */,
				158E49EC2B3A181500681298 /* BehaviorView.swift */,
				158E49EE2B3A20EB00681298 /* SavedResultsView.swift */,
				1573D5662B4051E0000C2131 /* CardView.swift */,
				1573D56E2B406E61000C2131 /* FilterView.swift */,
				1573D5722B4077E7000C2131 /* MenuSelectionView.swift */,
				1573D5782B45A837000C2131 /* SecondDashboardView.swift */,
				1538CC0A2B4710830062E345 /* ScheduledNotificationsView.swift */,
				15B214AB2B4F448F001039BF /* ScheduledMedicationsTimelineView.swift */,
			);
			path = Views;
			sourceTree = "<group>";
		};
/* End PBXGroup section */

/* Begin PBXNativeTarget section */
		1524AB4B2B34A8B200E6ED38 /* Valet local data */ = {
			isa = PBXNativeTarget;
			buildConfigurationList = 1524AB5A2B34A8B500E6ED38 /* Build configuration list for PBXNativeTarget "Valet local data" */;
			buildPhases = (
				1524AB482B34A8B200E6ED38 /* Sources */,
				1524AB492B34A8B200E6ED38 /* Frameworks */,
				1524AB4A2B34A8B200E6ED38 /* Resources */,
			);
			buildRules = (
			);
			dependencies = (
			);
			name = "Valet local data";
			productName = "Valet local data";
			productReference = 1524AB4C2B34A8B200E6ED38 /* Valet local data.app */;
			productType = "com.apple.product-type.application";
		};
/* End PBXNativeTarget section */

/* Begin PBXProject section */
		1524AB442B34A8B200E6ED38 /* Project object */ = {
			isa = PBXProject;
			attributes = {
				BuildIndependentTargetsInParallel = 1;
				LastSwiftUpdateCheck = 1510;
				LastUpgradeCheck = 1510;
				TargetAttributes = {
					1524AB4B2B34A8B200E6ED38 = {
						CreatedOnToolsVersion = 15.1;
					};
				};
			};
			buildConfigurationList = 1524AB472B34A8B200E6ED38 /* Build configuration list for PBXProject "Valet local data" */;
			compatibilityVersion = "Xcode 14.0";
			developmentRegion = en;
			hasScannedForEncodings = 0;
			knownRegions = (
				en,
				Base,
			);
			mainGroup = 1524AB432B34A8B200E6ED38;
			productRefGroup = 1524AB4D2B34A8B200E6ED38 /* Products */;
			projectDirPath = "";
			projectRoot = "";
			targets = (
				1524AB4B2B34A8B200E6ED38 /* Valet local data */,
			);
		};
/* End PBXProject section */

/* Begin PBXResourcesBuildPhase section */
		1524AB4A2B34A8B200E6ED38 /* Resources */ = {
			isa = PBXResourcesBuildPhase;
			buildActionMask = 2147483647;
			files = (
				1524AB572B34A8B500E6ED38 /* Preview Assets.xcassets in Resources */,
				1524AB542B34A8B500E6ED38 /* Assets.xcassets in Resources */,
			);
			runOnlyForDeploymentPostprocessing = 0;
		};
/* End PBXResourcesBuildPhase section */

/* Begin PBXSourcesBuildPhase section */
		1524AB482B34A8B200E6ED38 /* Sources */ = {
			isa = PBXSourcesBuildPhase;
			buildActionMask = 2147483647;
			files = (
				1573D56F2B406E61000C2131 /* FilterView.swift in Sources */,
				1573D5792B45A837000C2131 /* SecondDashboardView.swift in Sources */,
				1573D5752B433276000C2131 /* PoopingCardView.swift in Sources */,
				15A6F2282B383CAE00FB9DAA /* DogAppetiteData.swift in Sources */,
				15A6F21F2B37A2D900FB9DAA /* BitchcycleView.swift in Sources */,
				15A6F21B2B37A2B900FB9DAA /* MedicationView.swift in Sources */,
				158F78CA2B4DAE7400CF0B35 /* MedicationCardView.swift in Sources */,
				15A6F20B2B379C9100FB9DAA /* poopingData.swift in Sources */,
				15B214AC2B4F448F001039BF /* ScheduledMedicationsTimelineView.swift in Sources */,
				15A6F22C2B386A7E00FB9DAA /* UIApplicationDelegate.swift in Sources */,
				153427D42B482B3300E60D77 /* AppDelegate.swift in Sources */,
				15A6F22A2B385C2D00FB9DAA /* DogMedicationData.swift in Sources */,
				15A6F2132B37A15100FB9DAA /* DashboardView.swift in Sources */,
				15A6F21D2B37A2C800FB9DAA /* AllergiesView.swift in Sources */,
				1573D5712B40715F000C2131 /* MenuDataModel.swift in Sources */,
				158E49EF2B3A20EB00681298 /* SavedResultsView.swift in Sources */,
				15A6F20F2B379D2600FB9DAA /* poopingView.swift in Sources */,
				1538CC092B45DC540062E345 /* AppetiteCardView.swift in Sources */,
				158E49ED2B3A181500681298 /* BehaviorView.swift in Sources */,
				15A6F2192B37A2AB00FB9DAA /* AppetiteView.swift in Sources */,
				158E49EB2B39DA9500681298 /* ImagePickerAllergy.swift in Sources */,
				15A6F2252B37A7BA00FB9DAA /* ImagePicker .swift in Sources */,
				15A6F2212B37A2ED00FB9DAA /* GroomingView.swift in Sources */,
				1573D57B2B45B6A6000C2131 /* vomitingData.swift in Sources */,
				1524AB522B34A8B200E6ED38 /* ContentView.swift in Sources */,
				15A6F2172B37A29600FB9DAA /* VomitingView.swift in Sources */,
				1524AB502B34A8B200E6ED38 /* Valet_local_dataApp.swift in Sources */,
				1573D5732B4077E7000C2131 /* MenuSelectionView.swift in Sources */,
				1573D56D2B4052AE000C2131 /* CardModel.swift in Sources */,
				1573D5672B4051E0000C2131 /* CardView.swift in Sources */,
				1573D5652B4051BE000C2131 /* DataModel.swift in Sources */,
				1573D5772B435EC2000C2131 /* VomitingCardView.swift in Sources */,
				1573D56B2B405223000C2131 /* AddEntryView.swift in Sources */,
				1538CC0B2B4710830062E345 /* ScheduledNotificationsView.swift in Sources */,
			);
			runOnlyForDeploymentPostprocessing = 0;
		};
/* End PBXSourcesBuildPhase section */

/* Begin XCBuildConfiguration section */
		1524AB582B34A8B500E6ED38 /* Debug */ = {
			isa = XCBuildConfiguration;
			buildSettings = {
				ALWAYS_SEARCH_USER_PATHS = NO;
				ASSETCATALOG_COMPILER_GENERATE_SWIFT_ASSET_SYMBOL_EXTENSIONS = YES;
				CLANG_ANALYZER_NONNULL = YES;
				CLANG_ANALYZER_NUMBER_OBJECT_CONVERSION = YES_AGGRESSIVE;
				CLANG_CXX_LANGUAGE_STANDARD = "gnu++20";
				CLANG_ENABLE_MODULES = YES;
				CLANG_ENABLE_OBJC_ARC = YES;
				CLANG_ENABLE_OBJC_WEAK = YES;
				CLANG_WARN_BLOCK_CAPTURE_AUTORELEASING = YES;
				CLANG_WARN_BOOL_CONVERSION = YES;
				CLANG_WARN_COMMA = YES;
				CLANG_WARN_CONSTANT_CONVERSION = YES;
				CLANG_WARN_DEPRECATED_OBJC_IMPLEMENTATIONS = YES;
				CLANG_WARN_DIRECT_OBJC_ISA_USAGE = YES_ERROR;
				CLANG_WARN_DOCUMENTATION_COMMENTS = YES;
				CLANG_WARN_EMPTY_BODY = YES;
				CLANG_WARN_ENUM_CONVERSION = YES;
				CLANG_WARN_INFINITE_RECURSION = YES;
				CLANG_WARN_INT_CONVERSION = YES;
				CLANG_WARN_NON_LITERAL_NULL_CONVERSION = YES;
				CLANG_WARN_OBJC_IMPLICIT_RETAIN_SELF = YES;
				CLANG_WARN_OBJC_LITERAL_CONVERSION = YES;
				CLANG_WARN_OBJC_ROOT_CLASS = YES_ERROR;
				CLANG_WARN_QUOTED_INCLUDE_IN_FRAMEWORK_HEADER = YES;
				CLANG_WARN_RANGE_LOOP_ANALYSIS = YES;
				CLANG_WARN_STRICT_PROTOTYPES = YES;
				CLANG_WARN_SUSPICIOUS_MOVE = YES;
				CLANG_WARN_UNGUARDED_AVAILABILITY = YES_AGGRESSIVE;
				CLANG_WARN_UNREACHABLE_CODE = YES;
				CLANG_WARN__DUPLICATE_METHOD_MATCH = YES;
				COPY_PHASE_STRIP = NO;
				DEBUG_INFORMATION_FORMAT = dwarf;
				ENABLE_STRICT_OBJC_MSGSEND = YES;
				ENABLE_TESTABILITY = YES;
				ENABLE_USER_SCRIPT_SANDBOXING = YES;
				GCC_C_LANGUAGE_STANDARD = gnu17;
				GCC_DYNAMIC_NO_PIC = NO;
				GCC_NO_COMMON_BLOCKS = YES;
				GCC_OPTIMIZATION_LEVEL = 0;
				GCC_PREPROCESSOR_DEFINITIONS = (
					"DEBUG=1",
					"$(inherited)",
				);
				GCC_WARN_64_TO_32_BIT_CONVERSION = YES;
				GCC_WARN_ABOUT_RETURN_TYPE = YES_ERROR;
				GCC_WARN_UNDECLARED_SELECTOR = YES;
				GCC_WARN_UNINITIALIZED_AUTOS = YES_AGGRESSIVE;
				GCC_WARN_UNUSED_FUNCTION = YES;
				GCC_WARN_UNUSED_VARIABLE = YES;
				IPHONEOS_DEPLOYMENT_TARGET = 17.2;
				LOCALIZATION_PREFERS_STRING_CATALOGS = YES;
				MTL_ENABLE_DEBUG_INFO = INCLUDE_SOURCE;
				MTL_FAST_MATH = YES;
				ONLY_ACTIVE_ARCH = YES;
				SDKROOT = iphoneos;
				SWIFT_ACTIVE_COMPILATION_CONDITIONS = "DEBUG $(inherited)";
				SWIFT_OPTIMIZATION_LEVEL = "-Onone";
			};
			name = Debug;
		};
		1524AB592B34A8B500E6ED38 /* Release */ = {
			isa = XCBuildConfiguration;
			buildSettings = {
				ALWAYS_SEARCH_USER_PATHS = NO;
				ASSETCATALOG_COMPILER_GENERATE_SWIFT_ASSET_SYMBOL_EXTENSIONS = YES;
				CLANG_ANALYZER_NONNULL = YES;
				CLANG_ANALYZER_NUMBER_OBJECT_CONVERSION = YES_AGGRESSIVE;
				CLANG_CXX_LANGUAGE_STANDARD = "gnu++20";
				CLANG_ENABLE_MODULES = YES;
				CLANG_ENABLE_OBJC_ARC = YES;
				CLANG_ENABLE_OBJC_WEAK = YES;
				CLANG_WARN_BLOCK_CAPTURE_AUTORELEASING = YES;
				CLANG_WARN_BOOL_CONVERSION = YES;
				CLANG_WARN_COMMA = YES;
				CLANG_WARN_CONSTANT_CONVERSION = YES;
				CLANG_WARN_DEPRECATED_OBJC_IMPLEMENTATIONS = YES;
				CLANG_WARN_DIRECT_OBJC_ISA_USAGE = YES_ERROR;
				CLANG_WARN_DOCUMENTATION_COMMENTS = YES;
				CLANG_WARN_EMPTY_BODY = YES;
				CLANG_WARN_ENUM_CONVERSION = YES;
				CLANG_WARN_INFINITE_RECURSION = YES;
				CLANG_WARN_INT_CONVERSION = YES;
				CLANG_WARN_NON_LITERAL_NULL_CONVERSION = YES;
				CLANG_WARN_OBJC_IMPLICIT_RETAIN_SELF = YES;
				CLANG_WARN_OBJC_LITERAL_CONVERSION = YES;
				CLANG_WARN_OBJC_ROOT_CLASS = YES_ERROR;
				CLANG_WARN_QUOTED_INCLUDE_IN_FRAMEWORK_HEADER = YES;
				CLANG_WARN_RANGE_LOOP_ANALYSIS = YES;
				CLANG_WARN_STRICT_PROTOTYPES = YES;
				CLANG_WARN_SUSPICIOUS_MOVE = YES;
				CLANG_WARN_UNGUARDED_AVAILABILITY = YES_AGGRESSIVE;
				CLANG_WARN_UNREACHABLE_CODE = YES;
				CLANG_WARN__DUPLICATE_METHOD_MATCH = YES;
				COPY_PHASE_STRIP = NO;
				DEBUG_INFORMATION_FORMAT = "dwarf-with-dsym";
				ENABLE_NS_ASSERTIONS = NO;
				ENABLE_STRICT_OBJC_MSGSEND = YES;
				ENABLE_USER_SCRIPT_SANDBOXING = YES;
				GCC_C_LANGUAGE_STANDARD = gnu17;
				GCC_NO_COMMON_BLOCKS = YES;
				GCC_WARN_64_TO_32_BIT_CONVERSION = YES;
				GCC_WARN_ABOUT_RETURN_TYPE = YES_ERROR;
				GCC_WARN_UNDECLARED_SELECTOR = YES;
				GCC_WARN_UNINITIALIZED_AUTOS = YES_AGGRESSIVE;
				GCC_WARN_UNUSED_FUNCTION = YES;
				GCC_WARN_UNUSED_VARIABLE = YES;
				IPHONEOS_DEPLOYMENT_TARGET = 17.2;
				LOCALIZATION_PREFERS_STRING_CATALOGS = YES;
				MTL_ENABLE_DEBUG_INFO = NO;
				MTL_FAST_MATH = YES;
				SDKROOT = iphoneos;
				SWIFT_COMPILATION_MODE = wholemodule;
				VALIDATE_PRODUCT = YES;
			};
			name = Release;
		};
		1524AB5B2B34A8B500E6ED38 /* Debug */ = {
			isa = XCBuildConfiguration;
			buildSettings = {
				ASSETCATALOG_COMPILER_APPICON_NAME = AppIcon;
				ASSETCATALOG_COMPILER_GLOBAL_ACCENT_COLOR_NAME = AccentColor;
				CODE_SIGN_STYLE = Automatic;
				CURRENT_PROJECT_VERSION = 1;
				DEVELOPMENT_ASSET_PATHS = "\"Valet local data/Preview Content\"";
				DEVELOPMENT_TEAM = C77N4S9VR3;
				ENABLE_PREVIEWS = YES;
				GENERATE_INFOPLIST_FILE = YES;
				INFOPLIST_FILE = "Valet-local-data-Info.plist";
				INFOPLIST_KEY_CFBundleDisplayName = "";
				INFOPLIST_KEY_LSApplicationCategoryType = "";
				INFOPLIST_KEY_NSCameraUsageDescription = "";
				INFOPLIST_KEY_NSFileProviderDomainUsageDescription = "";
				INFOPLIST_KEY_NSPhotoLibraryUsageDescription = "";
				INFOPLIST_KEY_UIApplicationSceneManifest_Generation = YES;
				INFOPLIST_KEY_UIApplicationSupportsIndirectInputEvents = YES;
				INFOPLIST_KEY_UILaunchScreen_Generation = YES;
				INFOPLIST_KEY_UISupportedInterfaceOrientations_iPad = "UIInterfaceOrientationPortrait UIInterfaceOrientationPortraitUpsideDown UIInterfaceOrientationLandscapeLeft UIInterfaceOrientationLandscapeRight";
				INFOPLIST_KEY_UISupportedInterfaceOrientations_iPhone = "UIInterfaceOrientationPortrait UIInterfaceOrientationLandscapeLeft UIInterfaceOrientationLandscapeRight";
				LD_RUNPATH_SEARCH_PATHS = (
					"$(inherited)",
					"@executable_path/Frameworks",
				);
				MARKETING_VERSION = 1.0;
				PRODUCT_BUNDLE_IDENTIFIER = "Valet-local-data.Valet-local-data";
				PRODUCT_NAME = "$(TARGET_NAME)";
				SWIFT_EMIT_LOC_STRINGS = YES;
				SWIFT_VERSION = 5.0;
				TARGETED_DEVICE_FAMILY = "1,2";
			};
			name = Debug;
		};
		1524AB5C2B34A8B500E6ED38 /* Release */ = {
			isa = XCBuildConfiguration;
			buildSettings = {
				ASSETCATALOG_COMPILER_APPICON_NAME = AppIcon;
				ASSETCATALOG_COMPILER_GLOBAL_ACCENT_COLOR_NAME = AccentColor;
				CODE_SIGN_STYLE = Automatic;
				CURRENT_PROJECT_VERSION = 1;
				DEVELOPMENT_ASSET_PATHS = "\"Valet local data/Preview Content\"";
				DEVELOPMENT_TEAM = C77N4S9VR3;
				ENABLE_PREVIEWS = YES;
				GENERATE_INFOPLIST_FILE = YES;
				INFOPLIST_FILE = "Valet-local-data-Info.plist";
				INFOPLIST_KEY_CFBundleDisplayName = "";
				INFOPLIST_KEY_LSApplicationCategoryType = "";
				INFOPLIST_KEY_NSCameraUsageDescription = "";
				INFOPLIST_KEY_NSFileProviderDomainUsageDescription = "";
				INFOPLIST_KEY_NSPhotoLibraryUsageDescription = "";
				INFOPLIST_KEY_UIApplicationSceneManifest_Generation = YES;
				INFOPLIST_KEY_UIApplicationSupportsIndirectInputEvents = YES;
				INFOPLIST_KEY_UILaunchScreen_Generation = YES;
				INFOPLIST_KEY_UISupportedInterfaceOrientations_iPad = "UIInterfaceOrientationPortrait UIInterfaceOrientationPortraitUpsideDown UIInterfaceOrientationLandscapeLeft UIInterfaceOrientationLandscapeRight";
				INFOPLIST_KEY_UISupportedInterfaceOrientations_iPhone = "UIInterfaceOrientationPortrait UIInterfaceOrientationLandscapeLeft UIInterfaceOrientationLandscapeRight";
				LD_RUNPATH_SEARCH_PATHS = (
					"$(inherited)",
					"@executable_path/Frameworks",
				);
				MARKETING_VERSION = 1.0;
				PRODUCT_BUNDLE_IDENTIFIER = "Valet-local-data.Valet-local-data";
				PRODUCT_NAME = "$(TARGET_NAME)";
				SWIFT_EMIT_LOC_STRINGS = YES;
				SWIFT_VERSION = 5.0;
				TARGETED_DEVICE_FAMILY = "1,2";
			};
			name = Release;
		};
/* End XCBuildConfiguration section */

/* Begin XCConfigurationList section */
		1524AB472B34A8B200E6ED38 /* Build configuration list for PBXProject "Valet local data" */ = {
			isa = XCConfigurationList;
			buildConfigurations = (
				1524AB582B34A8B500E6ED38 /* Debug */,
				1524AB592B34A8B500E6ED38 /* Release */,
			);
			defaultConfigurationIsVisible = 0;
			defaultConfigurationName = Release;
		};
		1524AB5A2B34A8B500E6ED38 /* Build configuration list for PBXNativeTarget "Valet local data" */ = {
			isa = XCConfigurationList;
			buildConfigurations = (
				1524AB5B2B34A8B500E6ED38 /* Debug */,
				1524AB5C2B34A8B500E6ED38 /* Release */,
			);
			defaultConfigurationIsVisible = 0;
			defaultConfigurationName = Release;
		};
/* End XCConfigurationList section */
	};
	rootObject = 1524AB442B34A8B200E6ED38 /* Project object */;
}
